// !$*UTF8*$!
{
	archiveVersion = 1;
	classes = {
	};
	objectVersion = 46;
	objects = {

/* Begin PBXBuildFile section */
		14D94C981F7AA94E008D07C8 /* main.m in Sources */ = {isa = PBXBuildFile; fileRef = 14D94C971F7AA94E008D07C8 /* main.m */; };
		14D94C9B1F7AA94E008D07C8 /* AppDelegate.m in Sources */ = {isa = PBXBuildFile; fileRef = 14D94C9A1F7AA94E008D07C8 /* AppDelegate.m */; };
		14D94C9E1F7AA94E008D07C8 /* ViewController.m in Sources */ = {isa = PBXBuildFile; fileRef = 14D94C9D1F7AA94E008D07C8 /* ViewController.m */; };
		14D94CA11F7AA94E008D07C8 /* Main.storyboard in Resources */ = {isa = PBXBuildFile; fileRef = 14D94C9F1F7AA94E008D07C8 /* Main.storyboard */; };
		14D94CA31F7AA94E008D07C8 /* Assets.xcassets in Resources */ = {isa = PBXBuildFile; fileRef = 14D94CA21F7AA94E008D07C8 /* Assets.xcassets */; };
		14D94CA61F7AA94E008D07C8 /* LaunchScreen.storyboard in Resources */ = {isa = PBXBuildFile; fileRef = 14D94CA41F7AA94E008D07C8 /* LaunchScreen.storyboard */; };
		14D94CF81F7AB4E1008D07C8 /* UIDevice+SYDeviceInfo.m in Sources */ = {isa = PBXBuildFile; fileRef = 14D94CF71F7AB4E1008D07C8 /* UIDevice+SYDeviceInfo.m */; };
		14D94CFB1F7AB66C008D07C8 /* GlobalData.m in Sources */ = {isa = PBXBuildFile; fileRef = 14D94CFA1F7AB66C008D07C8 /* GlobalData.m */; };
/* End PBXBuildFile section */

/* Begin PBXFileReference section */
		14D94C931F7AA94E008D07C8 /* SYDeviceInfoExample.app */ = {isa = PBXFileReference; explicitFileType = wrapper.application; includeInIndex = 0; path = SYDeviceInfoExample.app; sourceTree = BUILT_PRODUCTS_DIR; };
		14D94C971F7AA94E008D07C8 /* main.m */ = {isa = PBXFileReference; lastKnownFileType = sourcecode.c.objc; path = main.m; sourceTree = "<group>"; };
		14D94C991F7AA94E008D07C8 /* AppDelegate.h */ = {isa = PBXFileReference; lastKnownFileType = sourcecode.c.h; path = AppDelegate.h; sourceTree = "<group>"; };
		14D94C9A1F7AA94E008D07C8 /* AppDelegate.m */ = {isa = PBXFileReference; lastKnownFileType = sourcecode.c.objc; path = AppDelegate.m; sourceTree = "<group>"; };
		14D94C9C1F7AA94E008D07C8 /* ViewController.h */ = {isa = PBXFileReference; lastKnownFileType = sourcecode.c.h; path = ViewController.h; sourceTree = "<group>"; };
		14D94C9D1F7AA94E008D07C8 /* ViewController.m */ = {isa = PBXFileReference; lastKnownFileType = sourcecode.c.objc; path = ViewController.m; sourceTree = "<group>"; };
		14D94CA01F7AA94E008D07C8 /* Base */ = {isa = PBXFileReference; lastKnownFileType = file.storyboard; name = Base; path = Base.lproj/Main.storyboard; sourceTree = "<group>"; };
		14D94CA21F7AA94E008D07C8 /* Assets.xcassets */ = {isa = PBXFileReference; lastKnownFileType = folder.assetcatalog; path = Assets.xcassets; sourceTree = "<group>"; };
		14D94CA51F7AA94E008D07C8 /* Base */ = {isa = PBXFileReference; lastKnownFileType = file.storyboard; name = Base; path = Base.lproj/LaunchScreen.storyboard; sourceTree = "<group>"; };
		14D94CA71F7AA94E008D07C8 /* Info.plist */ = {isa = PBXFileReference; lastKnownFileType = text.plist.xml; path = Info.plist; sourceTree = "<group>"; };
		14D94CB61F7AABF6008D07C8 /* SYDeviceInfoExample.pch */ = {isa = PBXFileReference; lastKnownFileType = sourcecode.c.h; path = SYDeviceInfoExample.pch; sourceTree = "<group>"; };
		14D94CF61F7AB4E1008D07C8 /* UIDevice+SYDeviceInfo.h */ = {isa = PBXFileReference; fileEncoding = 4; lastKnownFileType = sourcecode.c.h; path = "UIDevice+SYDeviceInfo.h"; sourceTree = "<group>"; };
		14D94CF71F7AB4E1008D07C8 /* UIDevice+SYDeviceInfo.m */ = {isa = PBXFileReference; fileEncoding = 4; lastKnownFileType = sourcecode.c.objc; path = "UIDevice+SYDeviceInfo.m"; sourceTree = "<group>"; };
		14D94CF91F7AB66C008D07C8 /* GlobalData.h */ = {isa = PBXFileReference; fileEncoding = 4; lastKnownFileType = sourcecode.c.h; path = GlobalData.h; sourceTree = "<group>"; };
		14D94CFA1F7AB66C008D07C8 /* GlobalData.m */ = {isa = PBXFileReference; fileEncoding = 4; lastKnownFileType = sourcecode.c.objc; path = GlobalData.m; sourceTree = "<group>"; };
/* End PBXFileReference section */

/* Begin PBXFrameworksBuildPhase section */
		14D94C901F7AA94E008D07C8 /* Frameworks */ = {
			isa = PBXFrameworksBuildPhase;
			buildActionMask = 2147483647;
			files = (
			);
			runOnlyForDeploymentPostprocessing = 0;
		};
/* End PBXFrameworksBuildPhase section */

/* Begin PBXGroup section */
		14D94C8A1F7AA94E008D07C8 = {
			isa = PBXGroup;
			children = (
				14D94CF51F7AB4E1008D07C8 /* SYDeviceInfo */,
				14D94C951F7AA94E008D07C8 /* SYDeviceInfoExample */,
				14D94C941F7AA94E008D07C8 /* Products */,
			);
			sourceTree = "<group>";
		};
		14D94C941F7AA94E008D07C8 /* Products */ = {
			isa = PBXGroup;
			children = (
				14D94C931F7AA94E008D07C8 /* SYDeviceInfoExample.app */,
			);
			name = Products;
			sourceTree = "<group>";
		};
		14D94C951F7AA94E008D07C8 /* SYDeviceInfoExample */ = {
			isa = PBXGroup;
			children = (
				14D94CF91F7AB66C008D07C8 /* GlobalData.h */,
				14D94CFA1F7AB66C008D07C8 /* GlobalData.m */,
				14D94C991F7AA94E008D07C8 /* AppDelegate.h */,
				14D94C9A1F7AA94E008D07C8 /* AppDelegate.m */,
				14D94C9C1F7AA94E008D07C8 /* ViewController.h */,
				14D94C9D1F7AA94E008D07C8 /* ViewController.m */,
				14D94C9F1F7AA94E008D07C8 /* Main.storyboard */,
				14D94CA21F7AA94E008D07C8 /* Assets.xcassets */,
				14D94CA41F7AA94E008D07C8 /* LaunchScreen.storyboard */,
				14D94CA71F7AA94E008D07C8 /* Info.plist */,
				14D94C961F7AA94E008D07C8 /* Supporting Files */,
			);
			path = SYDeviceInfoExample;
			sourceTree = "<group>";
		};
		14D94C961F7AA94E008D07C8 /* Supporting Files */ = {
			isa = PBXGroup;
			children = (
				14D94C971F7AA94E008D07C8 /* main.m */,
				14D94CB61F7AABF6008D07C8 /* SYDeviceInfoExample.pch */,
			);
			name = "Supporting Files";
			sourceTree = "<group>";
		};
		14D94CF51F7AB4E1008D07C8 /* SYDeviceInfo */ = {
			isa = PBXGroup;
			children = (
				14D94CF61F7AB4E1008D07C8 /* UIDevice+SYDeviceInfo.h */,
				14D94CF71F7AB4E1008D07C8 /* UIDevice+SYDeviceInfo.m */,
			);
			path = SYDeviceInfo;
			sourceTree = "<group>";
		};
/* End PBXGroup section */

/* Begin PBXNativeTarget section */
		14D94C921F7AA94E008D07C8 /* SYDeviceInfoExample */ = {
			isa = PBXNativeTarget;
			buildConfigurationList = 14D94CAA1F7AA94E008D07C8 /* Build configuration list for PBXNativeTarget "SYDeviceInfoExample" */;
			buildPhases = (
				14D94C8F1F7AA94E008D07C8 /* Sources */,
				14D94C901F7AA94E008D07C8 /* Frameworks */,
				14D94C911F7AA94E008D07C8 /* Resources */,
			);
			buildRules = (
			);
			dependencies = (
			);
			name = SYDeviceInfoExample;
			productName = SYDeviceInfoExample;
			productReference = 14D94C931F7AA94E008D07C8 /* SYDeviceInfoExample.app */;
			productType = "com.apple.product-type.application";
		};
/* End PBXNativeTarget section */

/* Begin PBXProject section */
		14D94C8B1F7AA94E008D07C8 /* Project object */ = {
			isa = PBXProject;
			attributes = {
				LastUpgradeCheck = 0830;
				ORGANIZATIONNAME = shenyuanluo;
				TargetAttributes = {
					14D94C921F7AA94E008D07C8 = {
						CreatedOnToolsVersion = 8.3.3;
						ProvisioningStyle = Automatic;
					};
				};
			};
			buildConfigurationList = 14D94C8E1F7AA94E008D07C8 /* Build configuration list for PBXProject "SYDeviceInfoExample" */;
			compatibilityVersion = "Xcode 3.2";
			developmentRegion = English;
			hasScannedForEncodings = 0;
			knownRegions = (
				en,
				Base,
			);
			mainGroup = 14D94C8A1F7AA94E008D07C8;
			productRefGroup = 14D94C941F7AA94E008D07C8 /* Products */;
			projectDirPath = "";
			projectRoot = "";
			targets = (
				14D94C921F7AA94E008D07C8 /* SYDeviceInfoExample */,
			);
		};
/* End PBXProject section */

/* Begin PBXResourcesBuildPhase section */
		14D94C911F7AA94E008D07C8 /* Resources */ = {
			isa = PBXResourcesBuildPhase;
			buildActionMask = 2147483647;
			files = (
				14D94CA61F7AA94E008D07C8 /* LaunchScreen.storyboard in Resources */,
				14D94CA31F7AA94E008D07C8 /* Assets.xcassets in Resources */,
				14D94CA11F7AA94E008D07C8 /* Main.storyboard in Resources */,
			);
			runOnlyForDeploymentPostprocessing = 0;
		};
/* End PBXResourcesBuildPhase section */

/* Begin PBXSourcesBuildPhase section */
		14D94C8F1F7AA94E008D07C8 /* Sources */ = {
			isa = PBXSourcesBuildPhase;
			buildActionMask = 2147483647;
			files = (
				14D94C9E1F7AA94E008D07C8 /* ViewController.m in Sources */,
				14D94CF81F7AB4E1008D07C8 /* UIDevice+SYDeviceInfo.m in Sources */,
				14D94C9B1F7AA94E008D07C8 /* AppDelegate.m in Sources */,
				14D94CFB1F7AB66C008D07C8 /* GlobalData.m in Sources */,
				14D94C981F7AA94E008D07C8 /* main.m in Sources */,
			);
			runOnlyForDeploymentPostprocessing = 0;
		};
/* End PBXSourcesBuildPhase section */

/* Begin PBXVariantGroup section */
		14D94C9F1F7AA94E008D07C8 /* Main.storyboard */ = {
			isa = PBXVariantGroup;
			children = (
				14D94CA01F7AA94E008D07C8 /* Base */,
			);
			name = Main.storyboard;
			sourceTree = "<group>";
		};
		14D94CA41F7AA94E008D07C8 /* LaunchScreen.storyboard */ = {
			isa = PBXVariantGroup;
			children = (
				14D94CA51F7AA94E008D07C8 /* Base */,
			);
			name = LaunchScreen.storyboard;
			sourceTree = "<group>";
		};
/* End PBXVariantGroup section */

/* Begin XCBuildConfiguration section */
		14D94CA81F7AA94E008D07C8 /* Debug */ = {
			isa = XCBuildConfiguration;
			buildSettings = {
				ALWAYS_SEARCH_USER_PATHS = NO;
				CLANG_ANALYZER_NONNULL = YES;
				CLANG_ANALYZER_NUMBER_OBJECT_CONVERSION = YES_AGGRESSIVE;
				CLANG_CXX_LANGUAGE_STANDARD = "gnu++0x";
				CLANG_CXX_LIBRARY = "libc++";
				CLANG_ENABLE_MODULES = YES;
				CLANG_ENABLE_OBJC_ARC = YES;
				CLANG_WARN_BOOL_CONVERSION = YES;
				CLANG_WARN_CONSTANT_CONVERSION = YES;
				CLANG_WARN_DIRECT_OBJC_ISA_USAGE = YES_ERROR;
				CLANG_WARN_DOCUMENTATION_COMMENTS = YES;
				CLANG_WARN_EMPTY_BODY = YES;
				CLANG_WARN_ENUM_CONVERSION = YES;
				CLANG_WARN_INFINITE_RECURSION = YES;
				CLANG_WARN_INT_CONVERSION = YES;
				CLANG_WARN_OBJC_ROOT_CLASS = YES_ERROR;
				CLANG_WARN_SUSPICIOUS_MOVE = YES;
				CLANG_WARN_UNREACHABLE_CODE = YES;
				CLANG_WARN__DUPLICATE_METHOD_MATCH = YES;
				"CODE_SIGN_IDENTITY[sdk=iphoneos*]" = "iPhone Developer";
				COPY_PHASE_STRIP = NO;
				DEBUG_INFORMATION_FORMAT = dwarf;
				ENABLE_STRICT_OBJC_MSGSEND = YES;
				ENABLE_TESTABILITY = YES;
				GCC_C_LANGUAGE_STANDARD = gnu99;
				GCC_DYNAMIC_NO_PIC = NO;
				GCC_NO_COMMON_BLOCKS = YES;
				GCC_OPTIMIZATION_LEVEL = 0;
				GCC_PREPROCESSOR_DEFINITIONS = (
					"DEBUG=1",
					"$(inherited)",
				);
				GCC_WARN_64_TO_32_BIT_CONVERSION = YES;
				GCC_WARN_ABOUT_RETURN_TYPE = YES_ERROR;
				GCC_WARN_UNDECLARED_SELECTOR = YES;
				GCC_WARN_UNINITIALIZED_AUTOS = YES_AGGRESSIVE;
				GCC_WARN_UNUSED_FUNCTION = YES;
				GCC_WARN_UNUSED_VARIABLE = YES;
				IPHONEOS_DEPLOYMENT_TARGET = 10.3;
				MTL_ENABLE_DEBUG_INFO = YES;
				ONLY_ACTIVE_ARCH = YES;
				SDKROOT = iphoneos;
				TARGETED_DEVICE_FAMILY = "1,2";
			};
			name = Debug;
		};
		14D94CA91F7AA94E008D07C8 /* Release */ = {
			isa = XCBuildConfiguration;
			buildSettings = {
				ALWAYS_SEARCH_USER_PATHS = NO;
				CLANG_ANALYZER_NONNULL = YES;
				CLANG_ANALYZER_NUMBER_OBJECT_CONVERSION = YES_AGGRESSIVE;
				CLANG_CXX_LANGUAGE_STANDARD = "gnu++0x";
				CLANG_CXX_LIBRARY = "libc++";
				CLANG_ENABLE_MODULES = YES;
				CLANG_ENABLE_OBJC_ARC = YES;
				CLANG_WARN_BOOL_CONVERSION = YES;
				CLANG_WARN_CONSTANT_CONVERSION = YES;
				CLANG_WARN_DIRECT_OBJC_ISA_USAGE = YES_ERROR;
				CLANG_WARN_DOCUMENTATION_COMMENTS = YES;
				CLANG_WARN_EMPTY_BODY = YES;
				CLANG_WARN_ENUM_CONVERSION = YES;
				CLANG_WARN_INFINITE_RECURSION = YES;
				CLANG_WARN_INT_CONVERSION = YES;
				CLANG_WARN_OBJC_ROOT_CLASS = YES_ERROR;
				CLANG_WARN_SUSPICIOUS_MOVE = YES;
				CLANG_WARN_UNREACHABLE_CODE = YES;
				CLANG_WARN__DUPLICATE_METHOD_MATCH = YES;
				"CODE_SIGN_IDENTITY[sdk=iphoneos*]" = "iPhone Developer";
				COPY_PHASE_STRIP = NO;
				DEBUG_INFORMATION_FORMAT = "dwarf-with-dsym";
				ENABLE_NS_ASSERTIONS = NO;
				ENABLE_STRICT_OBJC_MSGSEND = YES;
				GCC_C_LANGUAGE_STANDARD = gnu99;
				GCC_NO_COMMON_BLOCKS = YES;
				GCC_WARN_64_TO_32_BIT_CONVERSION = YES;
				GCC_WARN_ABOUT_RETURN_TYPE = YES_ERROR;
				GCC_WARN_UNDECLARED_SELECTOR = YES;
				GCC_WARN_UNINITIALIZED_AUTOS = YES_AGGRESSIVE;
				GCC_WARN_UNUSED_FUNCTION = YES;
				GCC_WARN_UNUSED_VARIABLE = YES;
				IPHONEOS_DEPLOYMENT_TARGET = 10.3;
				MTL_ENABLE_DEBUG_INFO = NO;
				SDKROOT = iphoneos;
				TARGETED_DEVICE_FAMILY = "1,2";
				VALIDATE_PRODUCT = YES;
			};
			name = Release;
		};
		14D94CAB1F7AA94E008D07C8 /* Debug */ = {
			isa = XCBuildConfiguration;
			buildSettings = {
				ASSETCATALOG_COMPILER_APPICON_NAME = AppIcon;
				GCC_PRECOMPILE_PREFIX_HEADER = YES;
				GCC_PREFIX_HEADER = SYDeviceInfoExample/SYDeviceInfoExample.pch;
				INFOPLIST_FILE = SYDeviceInfoExample/Info.plist;
				IPHONEOS_DEPLOYMENT_TARGET = 8.0;
				LD_RUNPATH_SEARCH_PATHS = "$(inherited) @executable_path/Frameworks";
				PRODUCT_BUNDLE_IDENTIFIER = blog.shenyuanluo.com.SYDeviceInfoExample;
				PRODUCT_NAME = "$(TARGET_NAME)";
			};
			name = Debug;
		};
		14D94CAC1F7AA94E008D07C8 /* Release */ = {
			isa = XCBuildConfiguration;
			buildSettings = {
				ASSETCATALOG_COMPILER_APPICON_NAME = AppIcon;
				GCC_PRECOMPILE_PREFIX_HEADER = YES;
				GCC_PREFIX_HEADER = SYDeviceInfoExample/SYDeviceInfoExample.pch;
				INFOPLIST_FILE = SYDeviceInfoExample/Info.plist;
				IPHONEOS_DEPLOYMENT_TARGET = 8.0;
				LD_RUNPATH_SEARCH_PATHS = "$(inherited) @executable_path/Frameworks";
				PRODUCT_BUNDLE_IDENTIFIER = blog.shenyuanluo.com.SYDeviceInfoExample;
				PRODUCT_NAME = "$(TARGET_NAME)";
			};
			name = Release;
		};
/* End XCBuildConfiguration section */

/* Begin XCConfigurationList section */
		14D94C8E1F7AA94E008D07C8 /* Build configuration list for PBXProject "SYDeviceInfoExample" */ = {
			isa = XCConfigurationList;
			buildConfigurations = (
				14D94CA81F7AA94E008D07C8 /* Debug */,
				14D94CA91F7AA94E008D07C8 /* Release */,
			);
			defaultConfigurationIsVisible = 0;
			defaultConfigurationName = Release;
		};
		14D94CAA1F7AA94E008D07C8 /* Build configuration list for PBXNativeTarget "SYDeviceInfoExample" */ = {
			isa = XCConfigurationList;
			buildConfigurations = (
				14D94CAB1F7AA94E008D07C8 /* Debug */,
				14D94CAC1F7AA94E008D07C8 /* Release */,
			);
			defaultConfigurationIsVisible = 0;
			defaultConfigurationName = Release;
		};
/* End XCConfigurationList section */
	};
	rootObject = 14D94C8B1F7AA94E008D07C8 /* Project object */;
}
